{
  "name": "apiscraper_to_teslafi_converter",
  "version": "1.0.0",
  "lockfileVersion": 3,
  "requires": true,
  "packages": {
    "": {
      "version": "1.0.0",
      "license": "ISC",
      "dependencies": {
        "csvtojson": "2.0.14",
        "n-readlines": "3.1.0",
        "readline-sync": "1.4.10"
      }
    },
    "node_modules/csvtojson": {
      "version": "2.0.14",
      "resolved": "https://registry.npmjs.org/csvtojson/-/csvtojson-2.0.14.tgz",
      "integrity": "sha512-F7NNvhhDyob7OsuEGRsH0FM1aqLs/WYITyza3l+hTEEmOK9sGPBlYQZwlVG0ezCojXYpE17lhS5qL6BCOZSPyA==",
      "dependencies": {
        "lodash": "^4.17.21"
      },
      "bin": {
        "csvtojson": "bin/csvtojson"
      },
      "engines": {
        "node": ">=8.0.0"
      }
    },
    "node_modules/lodash": {
      "version": "4.17.23",
      "resolved": "https://registry.npmjs.org/lodash/-/lodash-4.17.23.tgz",
      "integrity": "sha512-LgVTMpQtIopCi79SJeDiP0TfWi5CNEc/L/aRdTh3yIvmZXTnheWpKjSZhnvMl8iXbC1tFg9gdHHDMLoV7CnG+w==",
      "license": "MIT"
    },
    "node_modules/n-readlines": {
      "version": "3.1.0",
      "resolved": "https://registry.npmjs.org/n-readlines/-/n-readlines-3.1.0.tgz",
      "integrity": "sha512-gPFmyCo/xTbqbK4r1tORnb164CJokdXzqD8pNaHmOfCWN2VmZO3HTHZpfe6qUuVTLHtoD9a6RyuTmD+pDmeZjw==",
      "engines": {
        "node": ">=18.x.x"
      }
    },
    "node_modules/readline-sync": {
      "version": "1.4.10",
      "resolved": "https://registry.npmjs.org/readline-sync/-/readline-sync-1.4.10.tgz",
      "integrity": "sha512-gNva8/6UAe8QYepIQH/jQ2qn91Qj0B9sYjMBBs3QOB8F2CXcKgLxQaJRP76sWVRQt+QU+8fAkCbCvjjMFu7Ycw==",
      "engines": {
        "node": ">= 0.8.0"
      }
    }
  }
}
